
Microsoft Visual Studio Solution File, Format Version 12.00
# Visual Studio 15
VisualStudioVersion = 15.0.28307.1321
MinimumVisualStudioVersion = 10.0.40219.1
Project("{FAE04EC0-301F-11D3-BF4B-00C04F79EFBC}") = "WpfSender", "WpfSender\WpfSender.csproj", "{A3325C3B-F91B-4BB9-B031-B4D3557ADE9E}"
EndProject
Global
	GlobalSection(SolutionConfigurationPlatforms) = preSolution
		Debug|Any CPU = Debug|Any CPU
		Release|Any CPU = Release|Any CPU
	EndGlobalSection
	GlobalSection(ProjectConfigurationPlatforms) = postSolution
		{A3325C3B-F91B-4BB9-B031-B4D3557ADE9E}.Debug|Any CPU.ActiveCfg = Debug|Any CPU
		{A3325C3B-F91B-4BB9-B031-B4D3557ADE9E}.Debug|Any CPU.Build.0 = Debug|Any CPU
		{A3325C3B-F91B-4BB9-B031-B4D3557ADE9E}.Release|Any CPU.ActiveCfg = Release|Any CPU
		{A3325C3B-F91B-4BB9-B031-B4D3557ADE9E}.Release|Any CPU.Build.0 = Release|Any CPU
	EndGlobalSection
	GlobalSection(SolutionProperties) = preSolution
		HideSolutionNode = FALSE
	EndGlobalSection
	GlobalSection(ExtensibilityGlobals) = postSolution
		SolutionGuid = {DE98287A-63E6-4B66-B252-07E5AB013BB0}
	EndGlobalSection
EndGlobal
